
Microsoft Visual Studio Solution File, Format Version 12.00
# Visual Studio Version 17
VisualStudioVersion = 17.13.35919.96 d17.13
MinimumVisualStudioVersion = 10.0.40219.1
Project("{FAE04EC0-301F-11D3-BF4B-00C04F79EFBC}") = "Bai1", "Bai1\Bai1.csproj", "{BCDF0CA2-3DA7-4E00-915F-0B5B65760FF1}"
EndProject
Project("{FAE04EC0-301F-11D3-BF4B-00C04F79EFBC}") = "Bai2", "Bai2\Bai2.csproj", "{660414CB-8D94-424D-BC11-BA71BE785BA7}"
EndProject
Project("{FAE04EC0-301F-11D3-BF4B-00C04F79EFBC}") = "Bai3", "Bai3\Bai3.csproj", "{006E255B-E266-4495-964B-7A4B33D0B413}"
EndProject
Project("{FAE04EC0-301F-11D3-BF4B-00C04F79EFBC}") = "Bai4", "Bai4\Bai4.csproj", "{C3D1F7ED-377D-4AD8-B432-427C64E62D54}"
EndProject
Project("{FAE04EC0-301F-11D3-BF4B-00C04F79EFBC}") = "Bai5", "Bai5\Bai5.csproj", "{3BB5CE65-F6EC-46BC-8EA2-AF0C3DAEC011}"
EndProject
Project("{FAE04EC0-301F-11D3-BF4B-00C04F79EFBC}") = "Bai6", "Bai6\Bai6.csproj", "{08FD39D5-8F46-478E-9864-82FD3ADD8BF6}"
EndProject
Project("{FAE04EC0-301F-11D3-BF4B-00C04F79EFBC}") = "Bai7", "Bai7\Bai7.csproj", "{290EAB4D-5E2E-44F8-8713-417D67CAF88C}"
EndProject
Project("{FAE04EC0-301F-11D3-BF4B-00C04F79EFBC}") = "Bai8", "Bai8\Bai8.csproj", "{9162B6F9-7CE2-4651-B042-A0C555FA3B91}"
EndProject
Project("{FAE04EC0-301F-11D3-BF4B-00C04F79EFBC}") = "Bai9", "Bai9\Bai9.csproj", "{3462FB80-F3B4-45E6-AFC1-BB7F06999C1D}"
EndProject
Project("{FAE04EC0-301F-11D3-BF4B-00C04F79EFBC}") = "Bai10", "Bai10\Bai10.csproj", "{35F259D9-C73F-48AE-8A0A-64C87171094E}"
EndProject
Global
	GlobalSection(SolutionConfigurationPlatforms) = preSolution
		Debug|Any CPU = Debug|Any CPU
		Release|Any CPU = Release|Any CPU
	EndGlobalSection
	GlobalSection(ProjectConfigurationPlatforms) = postSolution
		{BCDF0CA2-3DA7-4E00-915F-0B5B65760FF1}.Debug|Any CPU.ActiveCfg = Debug|Any CPU
		{BCDF0CA2-3DA7-4E00-915F-0B5B65760FF1}.Debug|Any CPU.Build.0 = Debug|Any CPU
		{BCDF0CA2-3DA7-4E00-915F-0B5B65760FF1}.Release|Any CPU.ActiveCfg = Release|Any CPU
		{BCDF0CA2-3DA7-4E00-915F-0B5B65760FF1}.Release|Any CPU.Build.0 = Release|Any CPU
		{660414CB-8D94-424D-BC11-BA71BE785BA7}.Debug|Any CPU.ActiveCfg = Debug|Any CPU
		{660414CB-8D94-424D-BC11-BA71BE785BA7}.Debug|Any CPU.Build.0 = Debug|Any CPU
		{660414CB-8D94-424D-BC11-BA71BE785BA7}.Release|Any CPU.ActiveCfg = Release|Any CPU
		{660414CB-8D94-424D-BC11-BA71BE785BA7}.Release|Any CPU.Build.0 = Release|Any CPU
		{006E255B-E266-4495-964B-7A4B33D0B413}.Debug|Any CPU.ActiveCfg = Debug|Any CPU
		{006E255B-E266-4495-964B-7A4B33D0B413}.Debug|Any CPU.Build.0 = Debug|Any CPU
		{006E255B-E266-4495-964B-7A4B33D0B413}.Release|Any CPU.ActiveCfg = Release|Any CPU
		{006E255B-E266-4495-964B-7A4B33D0B413}.Release|Any CPU.Build.0 = Release|Any CPU
		{C3D1F7ED-377D-4AD8-B432-427C64E62D54}.Debug|Any CPU.ActiveCfg = Debug|Any CPU
		{C3D1F7ED-377D-4AD8-B432-427C64E62D54}.Debug|Any CPU.Build.0 = Debug|Any CPU
		{C3D1F7ED-377D-4AD8-B432-427C64E62D54}.Release|Any CPU.ActiveCfg = Release|Any CPU
		{C3D1F7ED-377D-4AD8-B432-427C64E62D54}.Release|Any CPU.Build.0 = Release|Any CPU
		{3BB5CE65-F6EC-46BC-8EA2-AF0C3DAEC011}.Debug|Any CPU.ActiveCfg = Debug|Any CPU
		{3BB5CE65-F6EC-46BC-8EA2-AF0C3DAEC011}.Debug|Any CPU.Build.0 = Debug|Any CPU
		{3BB5CE65-F6EC-46BC-8EA2-AF0C3DAEC011}.Release|Any CPU.ActiveCfg = Release|Any CPU
		{3BB5CE65-F6EC-46BC-8EA2-AF0C3DAEC011}.Release|Any CPU.Build.0 = Release|Any CPU
		{08FD39D5-8F46-478E-9864-82FD3ADD8BF6}.Debug|Any CPU.ActiveCfg = Debug|Any CPU
		{08FD39D5-8F46-478E-9864-82FD3ADD8BF6}.Debug|Any CPU.Build.0 = Debug|Any CPU
		{08FD39D5-8F46-478E-9864-82FD3ADD8BF6}.Release|Any CPU.ActiveCfg = Release|Any CPU
		{08FD39D5-8F46-478E-9864-82FD3ADD8BF6}.Release|Any CPU.Build.0 = Release|Any CPU
		{290EAB4D-5E2E-44F8-8713-417D67CAF88C}.Debug|Any CPU.ActiveCfg = Debug|Any CPU
		{290EAB4D-5E2E-44F8-8713-417D67CAF88C}.Debug|Any CPU.Build.0 = Debug|Any CPU
		{290EAB4D-5E2E-44F8-8713-417D67CAF88C}.Release|Any CPU.ActiveCfg = Release|Any CPU
		{290EAB4D-5E2E-44F8-8713-417D67CAF88C}.Release|Any CPU.Build.0 = Release|Any CPU
		{9162B6F9-7CE2-4651-B042-A0C555FA3B91}.Debug|Any CPU.ActiveCfg = Debug|Any CPU
		{9162B6F9-7CE2-4651-B042-A0C555FA3B91}.Debug|Any CPU.Build.0 = Debug|Any CPU
		{9162B6F9-7CE2-4651-B042-A0C555FA3B91}.Release|Any CPU.ActiveCfg = Release|Any CPU
		{9162B6F9-7CE2-4651-B042-A0C555FA3B91}.Release|Any CPU.Build.0 = Release|Any CPU
		{3462FB80-F3B4-45E6-AFC1-BB7F06999C1D}.Debug|Any CPU.ActiveCfg = Debug|Any CPU
		{3462FB80-F3B4-45E6-AFC1-BB7F06999C1D}.Debug|Any CPU.Build.0 = Debug|Any CPU
		{3462FB80-F3B4-45E6-AFC1-BB7F06999C1D}.Release|Any CPU.ActiveCfg = Release|Any CPU
		{3462FB80-F3B4-45E6-AFC1-BB7F06999C1D}.Release|Any CPU.Build.0 = Release|Any CPU
		{35F259D9-C73F-48AE-8A0A-64C87171094E}.Debug|Any CPU.ActiveCfg = Debug|Any CPU
		{35F259D9-C73F-48AE-8A0A-64C87171094E}.Debug|Any CPU.Build.0 = Debug|Any CPU
		{35F259D9-C73F-48AE-8A0A-64C87171094E}.Release|Any CPU.ActiveCfg = Release|Any CPU
		{35F259D9-C73F-48AE-8A0A-64C87171094E}.Release|Any CPU.Build.0 = Release|Any CPU
	EndGlobalSection
	GlobalSection(SolutionProperties) = preSolution
		HideSolutionNode = FALSE
	EndGlobalSection
	GlobalSection(ExtensibilityGlobals) = postSolution
		SolutionGuid = {809CCA63-ACA9-4583-AAA0-B49C0391545A}
	EndGlobalSection
EndGlobal
